Microsoft Visual Studio Solution File, Format Version 12.00
# Visual Studio Version 17
VisualStudioVersion = 17.0.31903.59
MinimumVisualStudioVersion = 10.0.40219.1
Project("{2150E333-8FDC-42A3-9474-1A3956D46DE8}") = "src", "src", "{8F3E2DF0-4AE4-4B54-A5D9-4B8B5F8B5D3C}"
EndProject
Project("{9A19103F-16F7-4668-BE54-9A1E7A4F7556}") = "VisionOps.Core", "src\VisionOps.Core\VisionOps.Core.csproj", "{1A2B3C4D-5E6F-7890-AB12-CD34EF567890}"
EndProject
Project("{9A19103F-16F7-4668-BE54-9A1E7A4F7556}") = "VisionOps.Service", "src\VisionOps.Service\VisionOps.Service.csproj", "{2B3C4D5E-6F78-9012-BC23-DE45FG678901}"
EndProject
Project("{9A19103F-16F7-4668-BE54-9A1E7A4F7556}") = "VisionOps.Data", "src\VisionOps.Data\VisionOps.Data.csproj", "{3C4D5E6F-7890-1234-CD34-EF5678901234}"
EndProject
Project("{9A19103F-16F7-4668-BE54-9A1E7A4F7556}") = "VisionOps.Video", "src\VisionOps.Video\VisionOps.Video.csproj", "{4D5E6F78-9012-3456-DE45-FG7890123456}"
EndProject
Project("{9A19103F-16F7-4668-BE54-9A1E7A4F7556}") = "VisionOps.AI", "src\VisionOps.AI\VisionOps.AI.csproj", "{5E6F7890-1234-5678-EF56-789012345678}"
EndProject
Project("{9A19103F-16F7-4668-BE54-9A1E7A4F7556}") = "VisionOps.Cloud", "src\VisionOps.Cloud\VisionOps.Cloud.csproj", "{6F789012-3456-7890-FG78-901234567890}"
EndProject
Project("{9A19103F-16F7-4668-BE54-9A1E7A4F7556}") = "VisionOps.UI", "src\VisionOps.UI\VisionOps.UI.csproj", "{7890ABCD-4567-8901-1234-567890ABCDEF}"
EndProject
Project("{9A19103F-16F7-4668-BE54-9A1E7A4F7556}") = "VisionOps.Tests", "src\VisionOps.Tests\VisionOps.Tests.csproj", "{8901BCDE-5678-9012-2345-678901BCDEFG}"
EndProject
Project("{2150E333-8FDC-42A3-9474-1A3956D46DE8}") = "tools", "tools", "{9F3E2DF0-5AE4-4B54-B5D9-4B8B5F8B5D3D}"
EndProject
Global
	GlobalSection(SolutionConfigurationPlatforms) = preSolution
		Debug|Any CPU = Debug|Any CPU
		Release|Any CPU = Release|Any CPU
	EndGlobalSection
	GlobalSection(ProjectConfigurationPlatforms) = postSolution
		{1A2B3C4D-5E6F-7890-AB12-CD34EF567890}.Debug|Any CPU.ActiveCfg = Debug|Any CPU
		{1A2B3C4D-5E6F-7890-AB12-CD34EF567890}.Debug|Any CPU.Build.0 = Debug|Any CPU
		{1A2B3C4D-5E6F-7890-AB12-CD34EF567890}.Release|Any CPU.ActiveCfg = Release|Any CPU
		{1A2B3C4D-5E6F-7890-AB12-CD34EF567890}.Release|Any CPU.Build.0 = Release|Any CPU
		{2B3C4D5E-6F78-9012-BC23-DE45FG678901}.Debug|Any CPU.ActiveCfg = Debug|Any CPU
		{2B3C4D5E-6F78-9012-BC23-DE45FG678901}.Debug|Any CPU.Build.0 = Debug|Any CPU
		{2B3C4D5E-6F78-9012-BC23-DE45FG678901}.Release|Any CPU.ActiveCfg = Release|Any CPU
		{2B3C4D5E-6F78-9012-BC23-DE45FG678901}.Release|Any CPU.Build.0 = Release|Any CPU
		{3C4D5E6F-7890-1234-CD34-EF5678901234}.Debug|Any CPU.ActiveCfg = Debug|Any CPU
		{3C4D5E6F-7890-1234-CD34-EF5678901234}.Debug|Any CPU.Build.0 = Debug|Any CPU
		{3C4D5E6F-7890-1234-CD34-EF5678901234}.Release|Any CPU.ActiveCfg = Release|Any CPU
		{3C4D5E6F-7890-1234-CD34-EF5678901234}.Release|Any CPU.Build.0 = Release|Any CPU
		{4D5E6F78-9012-3456-DE45-FG7890123456}.Debug|Any CPU.ActiveCfg = Debug|Any CPU
		{4D5E6F78-9012-3456-DE45-FG7890123456}.Debug|Any CPU.Build.0 = Debug|Any CPU
		{4D5E6F78-9012-3456-DE45-FG7890123456}.Release|Any CPU.ActiveCfg = Release|Any CPU
		{4D5E6F78-9012-3456-DE45-FG7890123456}.Release|Any CPU.Build.0 = Release|Any CPU
		{5E6F7890-1234-5678-EF56-789012345678}.Debug|Any CPU.ActiveCfg = Debug|Any CPU
		{5E6F7890-1234-5678-EF56-789012345678}.Debug|Any CPU.Build.0 = Debug|Any CPU
		{5E6F7890-1234-5678-EF56-789012345678}.Release|Any CPU.ActiveCfg = Release|Any CPU
		{5E6F7890-1234-5678-EF56-789012345678}.Release|Any CPU.Build.0 = Release|Any CPU
		{6F789012-3456-7890-FG78-901234567890}.Debug|Any CPU.ActiveCfg = Debug|Any CPU
		{6F789012-3456-7890-FG78-901234567890}.Debug|Any CPU.Build.0 = Debug|Any CPU
		{6F789012-3456-7890-FG78-901234567890}.Release|Any CPU.ActiveCfg = Release|Any CPU
		{6F789012-3456-7890-FG78-901234567890}.Release|Any CPU.Build.0 = Release|Any CPU
		{7890ABCD-4567-8901-1234-567890ABCDEF}.Debug|Any CPU.ActiveCfg = Debug|Any CPU
		{7890ABCD-4567-8901-1234-567890ABCDEF}.Debug|Any CPU.Build.0 = Debug|Any CPU
		{7890ABCD-4567-8901-1234-567890ABCDEF}.Release|Any CPU.ActiveCfg = Release|Any CPU
		{7890ABCD-4567-8901-1234-567890ABCDEF}.Release|Any CPU.Build.0 = Release|Any CPU
		{8901BCDE-5678-9012-2345-678901BCDEFG}.Debug|Any CPU.ActiveCfg = Debug|Any CPU
		{8901BCDE-5678-9012-2345-678901BCDEFG}.Debug|Any CPU.Build.0 = Debug|Any CPU
		{8901BCDE-5678-9012-2345-678901BCDEFG}.Release|Any CPU.ActiveCfg = Release|Any CPU
		{8901BCDE-5678-9012-2345-678901BCDEFG}.Release|Any CPU.Build.0 = Release|Any CPU
	EndGlobalSection
	GlobalSection(SolutionProperties) = preSolution
		HideSolutionNode = FALSE
	EndGlobalSection
	GlobalSection(NestedProjects) = preSolution
		{1A2B3C4D-5E6F-7890-AB12-CD34EF567890} = {8F3E2DF0-4AE4-4B54-A5D9-4B8B5F8B5D3C}
		{2B3C4D5E-6F78-9012-BC23-DE45FG678901} = {8F3E2DF0-4AE4-4B54-A5D9-4B8B5F8B5D3C}
		{3C4D5E6F-7890-1234-CD34-EF5678901234} = {8F3E2DF0-4AE4-4B54-A5D9-4B8B5F8B5D3C}
		{4D5E6F78-9012-3456-DE45-FG7890123456} = {8F3E2DF0-4AE4-4B54-A5D9-4B8B5F8B5D3C}
		{5E6F7890-1234-5678-EF56-789012345678} = {8F3E2DF0-4AE4-4B54-A5D9-4B8B5F8B5D3C}
		{6F789012-3456-7890-FG78-901234567890} = {8F3E2DF0-4AE4-4B54-A5D9-4B8B5F8B5D3C}
		{7890ABCD-4567-8901-1234-567890ABCDEF} = {8F3E2DF0-4AE4-4B54-A5D9-4B8B5F8B5D3C}
		{8901BCDE-5678-9012-2345-678901BCDEFG} = {8F3E2DF0-4AE4-4B54-A5D9-4B8B5F8B5D3C}
	EndGlobalSection
EndGlobal